
Microsoft Visual Studio Solution File, Format Version 12.00
# Visual Studio 14
VisualStudioVersion = 14.0.25420.1
MinimumVisualStudioVersion = 10.0.40219.1
Project("{FAE04EC0-301F-11D3-BF4B-00C04F79EFBC}") = "PATENT", "PATENT\PATENT.csproj", "{8019C490-76FD-4B98-BBB6-B4BEDA128543}"
EndProject
Project("{FAE04EC0-301F-11D3-BF4B-00C04F79EFBC}") = "PATENT.DAL", "PATENT.DAL\PATENT.DAL.csproj", "{4205BEF6-FF7F-403F-8188-4EBBD6E9121B}"
EndProject
Global
	GlobalSection(SolutionConfigurationPlatforms) = preSolution
		Debug|Any CPU = Debug|Any CPU
		Release|Any CPU = Release|Any CPU
	EndGlobalSection
	GlobalSection(ProjectConfigurationPlatforms) = postSolution
		{8019C490-76FD-4B98-BBB6-B4BEDA128543}.Debug|Any CPU.ActiveCfg = Debug|Any CPU
		{8019C490-76FD-4B98-BBB6-B4BEDA128543}.Debug|Any CPU.Build.0 = Debug|Any CPU
		{8019C490-76FD-4B98-BBB6-B4BEDA128543}.Release|Any CPU.ActiveCfg = Release|Any CPU
		{8019C490-76FD-4B98-BBB6-B4BEDA128543}.Release|Any CPU.Build.0 = Release|Any CPU
		{4205BEF6-FF7F-403F-8188-4EBBD6E9121B}.Debug|Any CPU.ActiveCfg = Debug|Any CPU
		{4205BEF6-FF7F-403F-8188-4EBBD6E9121B}.Debug|Any CPU.Build.0 = Debug|Any CPU
		{4205BEF6-FF7F-403F-8188-4EBBD6E9121B}.Release|Any CPU.ActiveCfg = Release|Any CPU
		{4205BEF6-FF7F-403F-8188-4EBBD6E9121B}.Release|Any CPU.Build.0 = Release|Any CPU
	EndGlobalSection
	GlobalSection(SolutionProperties) = preSolution
		HideSolutionNode = FALSE
	EndGlobalSection
EndGlobal
